
Microsoft Visual Studio Solution File, Format Version 12.00
# Visual Studio Version 16
VisualStudioVersion = 16.0.29905.134
MinimumVisualStudioVersion = 10.0.40219.1
Project("{FAE04EC0-301F-11D3-BF4B-00C04F79EFBC}") = "Example_OpenFileDialog", "Example_OpenFileDialog\Example_OpenFileDialog.csproj", "{698116AC-2D11-42EB-BB38-FEBEE01AE6CF}"
EndProject
Global
	GlobalSection(SolutionConfigurationPlatforms) = preSolution
		Debug|Any CPU = Debug|Any CPU
		Release|Any CPU = Release|Any CPU
	EndGlobalSection
	GlobalSection(ProjectConfigurationPlatforms) = postSolution
		{698116AC-2D11-42EB-BB38-FEBEE01AE6CF}.Debug|Any CPU.ActiveCfg = Debug|Any CPU
		{698116AC-2D11-42EB-BB38-FEBEE01AE6CF}.Debug|Any CPU.Build.0 = Debug|Any CPU
		{698116AC-2D11-42EB-BB38-FEBEE01AE6CF}.Release|Any CPU.ActiveCfg = Release|Any CPU
		{698116AC-2D11-42EB-BB38-FEBEE01AE6CF}.Release|Any CPU.Build.0 = Release|Any CPU
	EndGlobalSection
	GlobalSection(SolutionProperties) = preSolution
		HideSolutionNode = FALSE
	EndGlobalSection
	GlobalSection(ExtensibilityGlobals) = postSolution
		SolutionGuid = {ED620737-B5B2-4F96-B6BE-1B2EF2BB15DD}
	EndGlobalSection
EndGlobal
