
Microsoft Visual Studio Solution File, Format Version 12.00
# Visual Studio Version 16
VisualStudioVersion = 16.0.29905.134
MinimumVisualStudioVersion = 10.0.40219.1
Project("{FAE04EC0-301F-11D3-BF4B-00C04F79EFBC}") = "Bai_8_QuaySo", "Bai_8_QuaySo\Bai_8_QuaySo.csproj", "{97144B8F-321E-4484-92B2-E04C29DEE1F9}"
EndProject
Global
	GlobalSection(SolutionConfigurationPlatforms) = preSolution
		Debug|Any CPU = Debug|Any CPU
		Release|Any CPU = Release|Any CPU
	EndGlobalSection
	GlobalSection(ProjectConfigurationPlatforms) = postSolution
		{97144B8F-321E-4484-92B2-E04C29DEE1F9}.Debug|Any CPU.ActiveCfg = Debug|Any CPU
		{97144B8F-321E-4484-92B2-E04C29DEE1F9}.Debug|Any CPU.Build.0 = Debug|Any CPU
		{97144B8F-321E-4484-92B2-E04C29DEE1F9}.Release|Any CPU.ActiveCfg = Release|Any CPU
		{97144B8F-321E-4484-92B2-E04C29DEE1F9}.Release|Any CPU.Build.0 = Release|Any CPU
	EndGlobalSection
	GlobalSection(SolutionProperties) = preSolution
		HideSolutionNode = FALSE
	EndGlobalSection
	GlobalSection(ExtensibilityGlobals) = postSolution
		SolutionGuid = {03F230AD-1074-4161-81DB-98C6BC1E0C85}
	EndGlobalSection
EndGlobal
