
Microsoft Visual Studio Solution File, Format Version 12.00
# Visual Studio Version 16
VisualStudioVersion = 16.0.29905.134
MinimumVisualStudioVersion = 10.0.40219.1
Project("{FAE04EC0-301F-11D3-BF4B-00C04F79EFBC}") = "Bai_4_PT12", "Bai_4_PT12\Bai_4_PT12.csproj", "{BA09DF2B-BB44-44A9-9163-8B8252DAD579}"
EndProject
Global
	GlobalSection(SolutionConfigurationPlatforms) = preSolution
		Debug|Any CPU = Debug|Any CPU
		Release|Any CPU = Release|Any CPU
	EndGlobalSection
	GlobalSection(ProjectConfigurationPlatforms) = postSolution
		{BA09DF2B-BB44-44A9-9163-8B8252DAD579}.Debug|Any CPU.ActiveCfg = Debug|Any CPU
		{BA09DF2B-BB44-44A9-9163-8B8252DAD579}.Debug|Any CPU.Build.0 = Debug|Any CPU
		{BA09DF2B-BB44-44A9-9163-8B8252DAD579}.Release|Any CPU.ActiveCfg = Release|Any CPU
		{BA09DF2B-BB44-44A9-9163-8B8252DAD579}.Release|Any CPU.Build.0 = Release|Any CPU
	EndGlobalSection
	GlobalSection(SolutionProperties) = preSolution
		HideSolutionNode = FALSE
	EndGlobalSection
	GlobalSection(ExtensibilityGlobals) = postSolution
		SolutionGuid = {CBF9A1A8-4435-4F8E-B5D4-BDCEF0FAFE1E}
	EndGlobalSection
EndGlobal
