
Microsoft Visual Studio Solution File, Format Version 12.00
# Visual Studio 15
VisualStudioVersion = 15.0.28307.1022
MinimumVisualStudioVersion = 10.0.40219.1
Project("{FAE04EC0-301F-11D3-BF4B-00C04F79EFBC}") = "Indexer", "Indexer\Indexer.csproj", "{D5C6C7D5-E290-49A0-B0CA-C251FFD9AA0E}"
EndProject
Global
	GlobalSection(SolutionConfigurationPlatforms) = preSolution
		Debug|Any CPU = Debug|Any CPU
		Release|Any CPU = Release|Any CPU
	EndGlobalSection
	GlobalSection(ProjectConfigurationPlatforms) = postSolution
		{D5C6C7D5-E290-49A0-B0CA-C251FFD9AA0E}.Debug|Any CPU.ActiveCfg = Debug|Any CPU
		{D5C6C7D5-E290-49A0-B0CA-C251FFD9AA0E}.Debug|Any CPU.Build.0 = Debug|Any CPU
		{D5C6C7D5-E290-49A0-B0CA-C251FFD9AA0E}.Release|Any CPU.ActiveCfg = Release|Any CPU
		{D5C6C7D5-E290-49A0-B0CA-C251FFD9AA0E}.Release|Any CPU.Build.0 = Release|Any CPU
	EndGlobalSection
	GlobalSection(SolutionProperties) = preSolution
		HideSolutionNode = FALSE
	EndGlobalSection
	GlobalSection(ExtensibilityGlobals) = postSolution
		SolutionGuid = {B62748E7-E060-4370-8054-4EDE4273E85B}
	EndGlobalSection
EndGlobal
