
Microsoft Visual Studio Solution File, Format Version 12.00
# Visual Studio 15
VisualStudioVersion = 15.0.28307.1022
MinimumVisualStudioVersion = 10.0.40219.1
Project("{FAE04EC0-301F-11D3-BF4B-00C04F79EFBC}") = "AbstractClass", "AbstractClass\AbstractClass.csproj", "{293A766A-9691-4B46-88BD-AA138AB6557E}"
EndProject
Global
	GlobalSection(SolutionConfigurationPlatforms) = preSolution
		Debug|Any CPU = Debug|Any CPU
		Release|Any CPU = Release|Any CPU
	EndGlobalSection
	GlobalSection(ProjectConfigurationPlatforms) = postSolution
		{293A766A-9691-4B46-88BD-AA138AB6557E}.Debug|Any CPU.ActiveCfg = Debug|Any CPU
		{293A766A-9691-4B46-88BD-AA138AB6557E}.Debug|Any CPU.Build.0 = Debug|Any CPU
		{293A766A-9691-4B46-88BD-AA138AB6557E}.Release|Any CPU.ActiveCfg = Release|Any CPU
		{293A766A-9691-4B46-88BD-AA138AB6557E}.Release|Any CPU.Build.0 = Release|Any CPU
	EndGlobalSection
	GlobalSection(SolutionProperties) = preSolution
		HideSolutionNode = FALSE
	EndGlobalSection
	GlobalSection(ExtensibilityGlobals) = postSolution
		SolutionGuid = {33958606-A880-4857-BFCB-6FB97C6AD7A7}
	EndGlobalSection
EndGlobal
