
Microsoft Visual Studio Solution File, Format Version 12.00
# Visual Studio Version 16
VisualStudioVersion = 16.0.29905.134
MinimumVisualStudioVersion = 10.0.40219.1
Project("{FAE04EC0-301F-11D3-BF4B-00C04F79EFBC}") = "Bai_4_ControlProperty", "Bai_4_ControlProperty\Bai_4_ControlProperty.csproj", "{0A729404-6C41-4C86-8E16-357BEE3B7352}"
EndProject
Global
	GlobalSection(SolutionConfigurationPlatforms) = preSolution
		Debug|Any CPU = Debug|Any CPU
		Release|Any CPU = Release|Any CPU
	EndGlobalSection
	GlobalSection(ProjectConfigurationPlatforms) = postSolution
		{0A729404-6C41-4C86-8E16-357BEE3B7352}.Debug|Any CPU.ActiveCfg = Debug|Any CPU
		{0A729404-6C41-4C86-8E16-357BEE3B7352}.Debug|Any CPU.Build.0 = Debug|Any CPU
		{0A729404-6C41-4C86-8E16-357BEE3B7352}.Release|Any CPU.ActiveCfg = Release|Any CPU
		{0A729404-6C41-4C86-8E16-357BEE3B7352}.Release|Any CPU.Build.0 = Release|Any CPU
	EndGlobalSection
	GlobalSection(SolutionProperties) = preSolution
		HideSolutionNode = FALSE
	EndGlobalSection
	GlobalSection(ExtensibilityGlobals) = postSolution
		SolutionGuid = {A134ADFC-3215-4BAC-B076-33E9E4ECB03B}
	EndGlobalSection
EndGlobal
