
Microsoft Visual Studio Solution File, Format Version 12.00
# Visual Studio 15
VisualStudioVersion = 15.0.28307.1022
MinimumVisualStudioVersion = 10.0.40219.1
Project("{FAE04EC0-301F-11D3-BF4B-00C04F79EFBC}") = "Point", "Point\Point.csproj", "{766C5BDF-FD7A-47D2-942D-5747FE4E5BB3}"
EndProject
Global
	GlobalSection(SolutionConfigurationPlatforms) = preSolution
		Debug|Any CPU = Debug|Any CPU
		Release|Any CPU = Release|Any CPU
	EndGlobalSection
	GlobalSection(ProjectConfigurationPlatforms) = postSolution
		{766C5BDF-FD7A-47D2-942D-5747FE4E5BB3}.Debug|Any CPU.ActiveCfg = Debug|Any CPU
		{766C5BDF-FD7A-47D2-942D-5747FE4E5BB3}.Debug|Any CPU.Build.0 = Debug|Any CPU
		{766C5BDF-FD7A-47D2-942D-5747FE4E5BB3}.Release|Any CPU.ActiveCfg = Release|Any CPU
		{766C5BDF-FD7A-47D2-942D-5747FE4E5BB3}.Release|Any CPU.Build.0 = Release|Any CPU
	EndGlobalSection
	GlobalSection(SolutionProperties) = preSolution
		HideSolutionNode = FALSE
	EndGlobalSection
	GlobalSection(ExtensibilityGlobals) = postSolution
		SolutionGuid = {9BB6C2E1-ECA6-45CC-BFB5-A121D89C75DC}
	EndGlobalSection
EndGlobal
