
Microsoft Visual Studio Solution File, Format Version 12.00
# Visual Studio 15
VisualStudioVersion = 15.0.28307.1022
MinimumVisualStudioVersion = 10.0.40219.1
Project("{FAE04EC0-301F-11D3-BF4B-00C04F79EFBC}") = "Thaotacso", "Thaotacso\Thaotacso.csproj", "{EF5666C4-884E-4B5C-9CAD-7DF223C53B26}"
EndProject
Global
	GlobalSection(SolutionConfigurationPlatforms) = preSolution
		Debug|Any CPU = Debug|Any CPU
		Release|Any CPU = Release|Any CPU
	EndGlobalSection
	GlobalSection(ProjectConfigurationPlatforms) = postSolution
		{EF5666C4-884E-4B5C-9CAD-7DF223C53B26}.Debug|Any CPU.ActiveCfg = Debug|Any CPU
		{EF5666C4-884E-4B5C-9CAD-7DF223C53B26}.Debug|Any CPU.Build.0 = Debug|Any CPU
		{EF5666C4-884E-4B5C-9CAD-7DF223C53B26}.Release|Any CPU.ActiveCfg = Release|Any CPU
		{EF5666C4-884E-4B5C-9CAD-7DF223C53B26}.Release|Any CPU.Build.0 = Release|Any CPU
	EndGlobalSection
	GlobalSection(SolutionProperties) = preSolution
		HideSolutionNode = FALSE
	EndGlobalSection
	GlobalSection(ExtensibilityGlobals) = postSolution
		SolutionGuid = {C4DAC8AE-96B4-4E1A-848E-27D12A9730CB}
	EndGlobalSection
EndGlobal
