
Microsoft Visual Studio Solution File, Format Version 12.00
# Visual Studio 15
VisualStudioVersion = 15.0.28307.1022
MinimumVisualStudioVersion = 10.0.40219.1
Project("{FAE04EC0-301F-11D3-BF4B-00C04F79EFBC}") = "Interface_ex2", "Interface_ex2\Interface_ex2.csproj", "{D78513DB-A4C5-4EA0-989D-05C71C8CB766}"
EndProject
Global
	GlobalSection(SolutionConfigurationPlatforms) = preSolution
		Debug|Any CPU = Debug|Any CPU
		Release|Any CPU = Release|Any CPU
	EndGlobalSection
	GlobalSection(ProjectConfigurationPlatforms) = postSolution
		{D78513DB-A4C5-4EA0-989D-05C71C8CB766}.Debug|Any CPU.ActiveCfg = Debug|Any CPU
		{D78513DB-A4C5-4EA0-989D-05C71C8CB766}.Debug|Any CPU.Build.0 = Debug|Any CPU
		{D78513DB-A4C5-4EA0-989D-05C71C8CB766}.Release|Any CPU.ActiveCfg = Release|Any CPU
		{D78513DB-A4C5-4EA0-989D-05C71C8CB766}.Release|Any CPU.Build.0 = Release|Any CPU
	EndGlobalSection
	GlobalSection(SolutionProperties) = preSolution
		HideSolutionNode = FALSE
	EndGlobalSection
	GlobalSection(ExtensibilityGlobals) = postSolution
		SolutionGuid = {10A00282-5B9C-4B8B-BA3D-28C2FC9C7322}
	EndGlobalSection
EndGlobal
